// !$*UTF8*$!
{
	archiveVersion = 1;
	classes = {
	};
	objectVersion = 50;
	objects = {

/* Begin PBXBuildFile section */
		9B3EE2FA260E9BB6000E683B /* Animals_of_AfricaApp.swift in Sources */ = {isa = PBXBuildFile; fileRef = 9B3EE2F9260E9BB6000E683B /* Animals_of_AfricaApp.swift */; };
		9B3EE2FC260E9BB6000E683B /* ContentView.swift in Sources */ = {isa = PBXBuildFile; fileRef = 9B3EE2FB260E9BB6000E683B /* ContentView.swift */; };
		9B3EE2FE260E9BB7000E683B /* Assets.xcassets in Resources */ = {isa = PBXBuildFile; fileRef = 9B3EE2FD260E9BB7000E683B /* Assets.xcassets */; };
		9B3EE301260E9BB7000E683B /* Preview Assets.xcassets in Resources */ = {isa = PBXBuildFile; fileRef = 9B3EE300260E9BB7000E683B /* Preview Assets.xcassets */; };
		9B3EE314260EA375000E683B /* hippo.mp4 in Resources */ = {isa = PBXBuildFile; fileRef = 9B3EE30A260EA374000E683B /* hippo.mp4 */; };
		9B3EE315260EA375000E683B /* lion.mp4 in Resources */ = {isa = PBXBuildFile; fileRef = 9B3EE30B260EA374000E683B /* lion.mp4 */; };
		9B3EE316260EA375000E683B /* lioness.mp4 in Resources */ = {isa = PBXBuildFile; fileRef = 9B3EE30C260EA374000E683B /* lioness.mp4 */; };
		9B3EE317260EA375000E683B /* giraffe.mp4 in Resources */ = {isa = PBXBuildFile; fileRef = 9B3EE30D260EA374000E683B /* giraffe.mp4 */; };
		9B3EE318260EA375000E683B /* gorilla.mp4 in Resources */ = {isa = PBXBuildFile; fileRef = 9B3EE30E260EA374000E683B /* gorilla.mp4 */; };
		9B3EE319260EA375000E683B /* cheetah.mp4 in Resources */ = {isa = PBXBuildFile; fileRef = 9B3EE30F260EA374000E683B /* cheetah.mp4 */; };
		9B3EE31A260EA375000E683B /* ostrich.mp4 in Resources */ = {isa = PBXBuildFile; fileRef = 9B3EE310260EA374000E683B /* ostrich.mp4 */; };
		9B3EE31B260EA375000E683B /* rhino.mp4 in Resources */ = {isa = PBXBuildFile; fileRef = 9B3EE311260EA374000E683B /* rhino.mp4 */; };
		9B3EE31C260EA375000E683B /* zebra.mp4 in Resources */ = {isa = PBXBuildFile; fileRef = 9B3EE312260EA374000E683B /* zebra.mp4 */; };
		9B3EE31D260EA375000E683B /* elephant.mp4 in Resources */ = {isa = PBXBuildFile; fileRef = 9B3EE313260EA375000E683B /* elephant.mp4 */; };
		9B3EE324260EA4EB000E683B /* locations.json in Resources */ = {isa = PBXBuildFile; fileRef = 9B3EE320260EA4EB000E683B /* locations.json */; };
		9B3EE325260EA4EB000E683B /* covers.json in Resources */ = {isa = PBXBuildFile; fileRef = 9B3EE321260EA4EB000E683B /* covers.json */; };
		9B3EE326260EA4EB000E683B /* animals.json in Resources */ = {isa = PBXBuildFile; fileRef = 9B3EE322260EA4EB000E683B /* animals.json */; };
		9B3EE327260EA4EB000E683B /* videos.json in Resources */ = {isa = PBXBuildFile; fileRef = 9B3EE323260EA4EB000E683B /* videos.json */; };
		9B3EE32F260EA775000E683B /* VideoListView.swift in Sources */ = {isa = PBXBuildFile; fileRef = 9B3EE32E260EA775000E683B /* VideoListView.swift */; };
		9B3EE332260EA78D000E683B /* MapView.swift in Sources */ = {isa = PBXBuildFile; fileRef = 9B3EE331260EA78D000E683B /* MapView.swift */; };
		9B3EE335260EA79A000E683B /* GalleryView.swift in Sources */ = {isa = PBXBuildFile; fileRef = 9B3EE334260EA79A000E683B /* GalleryView.swift */; };
		9B3EE338260EA7B0000E683B /* MainView.swift in Sources */ = {isa = PBXBuildFile; fileRef = 9B3EE337260EA7B0000E683B /* MainView.swift */; };
/* End PBXBuildFile section */

/* Begin PBXFileReference section */
		9B3EE2F6260E9BB6000E683B /* Animals_of_Africa.app */ = {isa = PBXFileReference; explicitFileType = wrapper.application; includeInIndex = 0; path = Animals_of_Africa.app; sourceTree = BUILT_PRODUCTS_DIR; };
		9B3EE2F9260E9BB6000E683B /* Animals_of_AfricaApp.swift */ = {isa = PBXFileReference; lastKnownFileType = sourcecode.swift; path = Animals_of_AfricaApp.swift; sourceTree = "<group>"; };
		9B3EE2FB260E9BB6000E683B /* ContentView.swift */ = {isa = PBXFileReference; lastKnownFileType = sourcecode.swift; path = ContentView.swift; sourceTree = "<group>"; };
		9B3EE2FD260E9BB7000E683B /* Assets.xcassets */ = {isa = PBXFileReference; lastKnownFileType = folder.assetcatalog; path = Assets.xcassets; sourceTree = "<group>"; };
		9B3EE300260E9BB7000E683B /* Preview Assets.xcassets */ = {isa = PBXFileReference; lastKnownFileType = folder.assetcatalog; path = "Preview Assets.xcassets"; sourceTree = "<group>"; };
		9B3EE302260E9BB7000E683B /* Info.plist */ = {isa = PBXFileReference; lastKnownFileType = text.plist.xml; path = Info.plist; sourceTree = "<group>"; };
		9B3EE30A260EA374000E683B /* hippo.mp4 */ = {isa = PBXFileReference; lastKnownFileType = file; path = hippo.mp4; sourceTree = "<group>"; };
		9B3EE30B260EA374000E683B /* lion.mp4 */ = {isa = PBXFileReference; lastKnownFileType = file; path = lion.mp4; sourceTree = "<group>"; };
		9B3EE30C260EA374000E683B /* lioness.mp4 */ = {isa = PBXFileReference; lastKnownFileType = file; path = lioness.mp4; sourceTree = "<group>"; };
		9B3EE30D260EA374000E683B /* giraffe.mp4 */ = {isa = PBXFileReference; lastKnownFileType = file; path = giraffe.mp4; sourceTree = "<group>"; };
		9B3EE30E260EA374000E683B /* gorilla.mp4 */ = {isa = PBXFileReference; lastKnownFileType = file; path = gorilla.mp4; sourceTree = "<group>"; };
		9B3EE30F260EA374000E683B /* cheetah.mp4 */ = {isa = PBXFileReference; lastKnownFileType = file; path = cheetah.mp4; sourceTree = "<group>"; };
		9B3EE310260EA374000E683B /* ostrich.mp4 */ = {isa = PBXFileReference; lastKnownFileType = file; path = ostrich.mp4; sourceTree = "<group>"; };
		9B3EE311260EA374000E683B /* rhino.mp4 */ = {isa = PBXFileReference; lastKnownFileType = file; path = rhino.mp4; sourceTree = "<group>"; };
		9B3EE312260EA374000E683B /* zebra.mp4 */ = {isa = PBXFileReference; lastKnownFileType = file; path = zebra.mp4; sourceTree = "<group>"; };
		9B3EE313260EA375000E683B /* elephant.mp4 */ = {isa = PBXFileReference; lastKnownFileType = file; path = elephant.mp4; sourceTree = "<group>"; };
		9B3EE320260EA4EB000E683B /* locations.json */ = {isa = PBXFileReference; fileEncoding = 4; lastKnownFileType = text.json; path = locations.json; sourceTree = "<group>"; };
		9B3EE321260EA4EB000E683B /* covers.json */ = {isa = PBXFileReference; fileEncoding = 4; lastKnownFileType = text.json; path = covers.json; sourceTree = "<group>"; };
		9B3EE322260EA4EB000E683B /* animals.json */ = {isa = PBXFileReference; fileEncoding = 4; lastKnownFileType = text.json; path = animals.json; sourceTree = "<group>"; };
		9B3EE323260EA4EB000E683B /* videos.json */ = {isa = PBXFileReference; fileEncoding = 4; lastKnownFileType = text.json; path = videos.json; sourceTree = "<group>"; };
		9B3EE32E260EA775000E683B /* VideoListView.swift */ = {isa = PBXFileReference; lastKnownFileType = sourcecode.swift; path = VideoListView.swift; sourceTree = "<group>"; };
		9B3EE331260EA78D000E683B /* MapView.swift */ = {isa = PBXFileReference; lastKnownFileType = sourcecode.swift; path = MapView.swift; sourceTree = "<group>"; };
		9B3EE334260EA79A000E683B /* GalleryView.swift */ = {isa = PBXFileReference; lastKnownFileType = sourcecode.swift; path = GalleryView.swift; sourceTree = "<group>"; };
		9B3EE337260EA7B0000E683B /* MainView.swift */ = {isa = PBXFileReference; lastKnownFileType = sourcecode.swift; path = MainView.swift; sourceTree = "<group>"; };
/* End PBXFileReference section */

/* Begin PBXFrameworksBuildPhase section */
		9B3EE2F3260E9BB6000E683B /* Frameworks */ = {
			isa = PBXFrameworksBuildPhase;
			buildActionMask = 2147483647;
			files = (
			);
			runOnlyForDeploymentPostprocessing = 0;
		};
/* End PBXFrameworksBuildPhase section */

/* Begin PBXGroup section */
		9B3EE2ED260E9BB6000E683B = {
			isa = PBXGroup;
			children = (
				9B3EE2F8260E9BB6000E683B /* Animals_of_Africa */,
				9B3EE2F7260E9BB6000E683B /* Products */,
			);
			sourceTree = "<group>";
		};
		9B3EE2F7260E9BB6000E683B /* Products */ = {
			isa = PBXGroup;
			children = (
				9B3EE2F6260E9BB6000E683B /* Animals_of_Africa.app */,
			);
			name = Products;
			sourceTree = "<group>";
		};
		9B3EE2F8260E9BB6000E683B /* Animals_of_Africa */ = {
			isa = PBXGroup;
			children = (
				9B3EE32D260EA74B000E683B /* Views */,
				9B3EE31F260EA4D2000E683B /* Data */,
				9B3EE309260EA341000E683B /* Video */,
				9B3EE32B260EA733000E683B /* App */,
				9B3EE2FD260E9BB7000E683B /* Assets.xcassets */,
				9B3EE302260E9BB7000E683B /* Info.plist */,
				9B3EE2FF260E9BB7000E683B /* Preview Content */,
			);
			path = Animals_of_Africa;
			sourceTree = "<group>";
		};
		9B3EE2FF260E9BB7000E683B /* Preview Content */ = {
			isa = PBXGroup;
			children = (
				9B3EE300260E9BB7000E683B /* Preview Assets.xcassets */,
			);
			path = "Preview Content";
			sourceTree = "<group>";
		};
		9B3EE309260EA341000E683B /* Video */ = {
			isa = PBXGroup;
			children = (
				9B3EE30F260EA374000E683B /* cheetah.mp4 */,
				9B3EE313260EA375000E683B /* elephant.mp4 */,
				9B3EE30D260EA374000E683B /* giraffe.mp4 */,
				9B3EE30E260EA374000E683B /* gorilla.mp4 */,
				9B3EE30A260EA374000E683B /* hippo.mp4 */,
				9B3EE30B260EA374000E683B /* lion.mp4 */,
				9B3EE30C260EA374000E683B /* lioness.mp4 */,
				9B3EE310260EA374000E683B /* ostrich.mp4 */,
				9B3EE311260EA374000E683B /* rhino.mp4 */,
				9B3EE312260EA374000E683B /* zebra.mp4 */,
			);
			path = Video;
			sourceTree = "<group>";
		};
		9B3EE31F260EA4D2000E683B /* Data */ = {
			isa = PBXGroup;
			children = (
				9B3EE322260EA4EB000E683B /* animals.json */,
				9B3EE321260EA4EB000E683B /* covers.json */,
				9B3EE320260EA4EB000E683B /* locations.json */,
				9B3EE323260EA4EB000E683B /* videos.json */,
			);
			path = Data;
			sourceTree = "<group>";
		};
		9B3EE32B260EA733000E683B /* App */ = {
			isa = PBXGroup;
			children = (
				9B3EE2F9260E9BB6000E683B /* Animals_of_AfricaApp.swift */,
				9B3EE2FB260E9BB6000E683B /* ContentView.swift */,
				9B3EE32E260EA775000E683B /* VideoListView.swift */,
				9B3EE331260EA78D000E683B /* MapView.swift */,
				9B3EE334260EA79A000E683B /* GalleryView.swift */,
				9B3EE337260EA7B0000E683B /* MainView.swift */,
			);
			path = App;
			sourceTree = "<group>";
		};
		9B3EE32D260EA74B000E683B /* Views */ = {
			isa = PBXGroup;
			children = (
			);
			path = Views;
			sourceTree = "<group>";
		};
/* End PBXGroup section */

/* Begin PBXNativeTarget section */
		9B3EE2F5260E9BB6000E683B /* Animals_of_Africa */ = {
			isa = PBXNativeTarget;
			buildConfigurationList = 9B3EE305260E9BB7000E683B /* Build configuration list for PBXNativeTarget "Animals_of_Africa" */;
			buildPhases = (
				9B3EE2F2260E9BB6000E683B /* Sources */,
				9B3EE2F3260E9BB6000E683B /* Frameworks */,
				9B3EE2F4260E9BB6000E683B /* Resources */,
			);
			buildRules = (
			);
			dependencies = (
			);
			name = Animals_of_Africa;
			productName = Animals_of_Africa;
			productReference = 9B3EE2F6260E9BB6000E683B /* Animals_of_Africa.app */;
			productType = "com.apple.product-type.application";
		};
/* End PBXNativeTarget section */

/* Begin PBXProject section */
		9B3EE2EE260E9BB6000E683B /* Project object */ = {
			isa = PBXProject;
			attributes = {
				LastSwiftUpdateCheck = 1240;
				LastUpgradeCheck = 1240;
				TargetAttributes = {
					9B3EE2F5260E9BB6000E683B = {
						CreatedOnToolsVersion = 12.4;
					};
				};
			};
			buildConfigurationList = 9B3EE2F1260E9BB6000E683B /* Build configuration list for PBXProject "Animals_of_Africa" */;
			compatibilityVersion = "Xcode 9.3";
			developmentRegion = en;
			hasScannedForEncodings = 0;
			knownRegions = (
				en,
				Base,
			);
			mainGroup = 9B3EE2ED260E9BB6000E683B;
			productRefGroup = 9B3EE2F7260E9BB6000E683B /* Products */;
			projectDirPath = "";
			projectRoot = "";
			targets = (
				9B3EE2F5260E9BB6000E683B /* Animals_of_Africa */,
			);
		};
/* End PBXProject section */

/* Begin PBXResourcesBuildPhase section */
		9B3EE2F4260E9BB6000E683B /* Resources */ = {
			isa = PBXResourcesBuildPhase;
			buildActionMask = 2147483647;
			files = (
				9B3EE326260EA4EB000E683B /* animals.json in Resources */,
				9B3EE324260EA4EB000E683B /* locations.json in Resources */,
				9B3EE301260E9BB7000E683B /* Preview Assets.xcassets in Resources */,
				9B3EE315260EA375000E683B /* lion.mp4 in Resources */,
				9B3EE317260EA375000E683B /* giraffe.mp4 in Resources */,
				9B3EE31A260EA375000E683B /* ostrich.mp4 in Resources */,
				9B3EE318260EA375000E683B /* gorilla.mp4 in Resources */,
				9B3EE319260EA375000E683B /* cheetah.mp4 in Resources */,
				9B3EE325260EA4EB000E683B /* covers.json in Resources */,
				9B3EE31C260EA375000E683B /* zebra.mp4 in Resources */,
				9B3EE316260EA375000E683B /* lioness.mp4 in Resources */,
				9B3EE31D260EA375000E683B /* elephant.mp4 in Resources */,
				9B3EE314260EA375000E683B /* hippo.mp4 in Resources */,
				9B3EE327260EA4EB000E683B /* videos.json in Resources */,
				9B3EE31B260EA375000E683B /* rhino.mp4 in Resources */,
				9B3EE2FE260E9BB7000E683B /* Assets.xcassets in Resources */,
			);
			runOnlyForDeploymentPostprocessing = 0;
		};
/* End PBXResourcesBuildPhase section */

/* Begin PBXSourcesBuildPhase section */
		9B3EE2F2260E9BB6000E683B /* Sources */ = {
			isa = PBXSourcesBuildPhase;
			buildActionMask = 2147483647;
			files = (
				9B3EE2FC260E9BB6000E683B /* ContentView.swift in Sources */,
				9B3EE338260EA7B0000E683B /* MainView.swift in Sources */,
				9B3EE332260EA78D000E683B /* MapView.swift in Sources */,
				9B3EE2FA260E9BB6000E683B /* Animals_of_AfricaApp.swift in Sources */,
				9B3EE32F260EA775000E683B /* VideoListView.swift in Sources */,
				9B3EE335260EA79A000E683B /* GalleryView.swift in Sources */,
			);
			runOnlyForDeploymentPostprocessing = 0;
		};
/* End PBXSourcesBuildPhase section */

/* Begin XCBuildConfiguration section */
		9B3EE303260E9BB7000E683B /* Debug */ = {
			isa = XCBuildConfiguration;
			buildSettings = {
				ALWAYS_SEARCH_USER_PATHS = NO;
				CLANG_ANALYZER_NONNULL = YES;
				CLANG_ANALYZER_NUMBER_OBJECT_CONVERSION = YES_AGGRESSIVE;
				CLANG_CXX_LANGUAGE_STANDARD = "gnu++14";
				CLANG_CXX_LIBRARY = "libc++";
				CLANG_ENABLE_MODULES = YES;
				CLANG_ENABLE_OBJC_ARC = YES;
				CLANG_ENABLE_OBJC_WEAK = YES;
				CLANG_WARN_BLOCK_CAPTURE_AUTORELEASING = YES;
				CLANG_WARN_BOOL_CONVERSION = YES;
				CLANG_WARN_COMMA = YES;
				CLANG_WARN_CONSTANT_CONVERSION = YES;
				CLANG_WARN_DEPRECATED_OBJC_IMPLEMENTATIONS = YES;
				CLANG_WARN_DIRECT_OBJC_ISA_USAGE = YES_ERROR;
				CLANG_WARN_DOCUMENTATION_COMMENTS = YES;
				CLANG_WARN_EMPTY_BODY = YES;
				CLANG_WARN_ENUM_CONVERSION = YES;
				CLANG_WARN_INFINITE_RECURSION = YES;
				CLANG_WARN_INT_CONVERSION = YES;
				CLANG_WARN_NON_LITERAL_NULL_CONVERSION = YES;
				CLANG_WARN_OBJC_IMPLICIT_RETAIN_SELF = YES;
				CLANG_WARN_OBJC_LITERAL_CONVERSION = YES;
				CLANG_WARN_OBJC_ROOT_CLASS = YES_ERROR;
				CLANG_WARN_QUOTED_INCLUDE_IN_FRAMEWORK_HEADER = YES;
				CLANG_WARN_RANGE_LOOP_ANALYSIS = YES;
				CLANG_WARN_STRICT_PROTOTYPES = YES;
				CLANG_WARN_SUSPICIOUS_MOVE = YES;
				CLANG_WARN_UNGUARDED_AVAILABILITY = YES_AGGRESSIVE;
				CLANG_WARN_UNREACHABLE_CODE = YES;
				CLANG_WARN__DUPLICATE_METHOD_MATCH = YES;
				COPY_PHASE_STRIP = NO;
				DEBUG_INFORMATION_FORMAT = dwarf;
				ENABLE_STRICT_OBJC_MSGSEND = YES;
				ENABLE_TESTABILITY = YES;
				GCC_C_LANGUAGE_STANDARD = gnu11;
				GCC_DYNAMIC_NO_PIC = NO;
				GCC_NO_COMMON_BLOCKS = YES;
				GCC_OPTIMIZATION_LEVEL = 0;
				GCC_PREPROCESSOR_DEFINITIONS = (
					"DEBUG=1",
					"$(inherited)",
				);
				GCC_WARN_64_TO_32_BIT_CONVERSION = YES;
				GCC_WARN_ABOUT_RETURN_TYPE = YES_ERROR;
				GCC_WARN_UNDECLARED_SELECTOR = YES;
				GCC_WARN_UNINITIALIZED_AUTOS = YES_AGGRESSIVE;
				GCC_WARN_UNUSED_FUNCTION = YES;
				GCC_WARN_UNUSED_VARIABLE = YES;
				IPHONEOS_DEPLOYMENT_TARGET = 14.4;
				MTL_ENABLE_DEBUG_INFO = INCLUDE_SOURCE;
				MTL_FAST_MATH = YES;
				ONLY_ACTIVE_ARCH = YES;
				SDKROOT = iphoneos;
				SWIFT_ACTIVE_COMPILATION_CONDITIONS = DEBUG;
				SWIFT_OPTIMIZATION_LEVEL = "-Onone";
			};
			name = Debug;
		};
		9B3EE304260E9BB7000E683B /* Release */ = {
			isa = XCBuildConfiguration;
			buildSettings = {
				ALWAYS_SEARCH_USER_PATHS = NO;
				CLANG_ANALYZER_NONNULL = YES;
				CLANG_ANALYZER_NUMBER_OBJECT_CONVERSION = YES_AGGRESSIVE;
				CLANG_CXX_LANGUAGE_STANDARD = "gnu++14";
				CLANG_CXX_LIBRARY = "libc++";
				CLANG_ENABLE_MODULES = YES;
				CLANG_ENABLE_OBJC_ARC = YES;
				CLANG_ENABLE_OBJC_WEAK = YES;
				CLANG_WARN_BLOCK_CAPTURE_AUTORELEASING = YES;
				CLANG_WARN_BOOL_CONVERSION = YES;
				CLANG_WARN_COMMA = YES;
				CLANG_WARN_CONSTANT_CONVERSION = YES;
				CLANG_WARN_DEPRECATED_OBJC_IMPLEMENTATIONS = YES;
				CLANG_WARN_DIRECT_OBJC_ISA_USAGE = YES_ERROR;
				CLANG_WARN_DOCUMENTATION_COMMENTS = YES;
				CLANG_WARN_EMPTY_BODY = YES;
				CLANG_WARN_ENUM_CONVERSION = YES;
				CLANG_WARN_INFINITE_RECURSION = YES;
				CLANG_WARN_INT_CONVERSION = YES;
				CLANG_WARN_NON_LITERAL_NULL_CONVERSION = YES;
				CLANG_WARN_OBJC_IMPLICIT_RETAIN_SELF = YES;
				CLANG_WARN_OBJC_LITERAL_CONVERSION = YES;
				CLANG_WARN_OBJC_ROOT_CLASS = YES_ERROR;
				CLANG_WARN_QUOTED_INCLUDE_IN_FRAMEWORK_HEADER = YES;
				CLANG_WARN_RANGE_LOOP_ANALYSIS = YES;
				CLANG_WARN_STRICT_PROTOTYPES = YES;
				CLANG_WARN_SUSPICIOUS_MOVE = YES;
				CLANG_WARN_UNGUARDED_AVAILABILITY = YES_AGGRESSIVE;
				CLANG_WARN_UNREACHABLE_CODE = YES;
				CLANG_WARN__DUPLICATE_METHOD_MATCH = YES;
				COPY_PHASE_STRIP = NO;
				DEBUG_INFORMATION_FORMAT = "dwarf-with-dsym";
				ENABLE_NS_ASSERTIONS = NO;
				ENABLE_STRICT_OBJC_MSGSEND = YES;
				GCC_C_LANGUAGE_STANDARD = gnu11;
				GCC_NO_COMMON_BLOCKS = YES;
				GCC_WARN_64_TO_32_BIT_CONVERSION = YES;
				GCC_WARN_ABOUT_RETURN_TYPE = YES_ERROR;
				GCC_WARN_UNDECLARED_SELECTOR = YES;
				GCC_WARN_UNINITIALIZED_AUTOS = YES_AGGRESSIVE;
				GCC_WARN_UNUSED_FUNCTION = YES;
				GCC_WARN_UNUSED_VARIABLE = YES;
				IPHONEOS_DEPLOYMENT_TARGET = 14.4;
				MTL_ENABLE_DEBUG_INFO = NO;
				MTL_FAST_MATH = YES;
				SDKROOT = iphoneos;
				SWIFT_COMPILATION_MODE = wholemodule;
				SWIFT_OPTIMIZATION_LEVEL = "-O";
				VALIDATE_PRODUCT = YES;
			};
			name = Release;
		};
		9B3EE306260E9BB7000E683B /* Debug */ = {
			isa = XCBuildConfiguration;
			buildSettings = {
				ASSETCATALOG_COMPILER_APPICON_NAME = AppIcon;
				ASSETCATALOG_COMPILER_GLOBAL_ACCENT_COLOR_NAME = AccentColor;
				CODE_SIGN_STYLE = Automatic;
				DEVELOPMENT_ASSET_PATHS = "\"Animals_of_Africa/Preview Content\"";
				ENABLE_PREVIEWS = YES;
				INFOPLIST_FILE = Animals_of_Africa/Info.plist;
				IPHONEOS_DEPLOYMENT_TARGET = 14.0;
				LD_RUNPATH_SEARCH_PATHS = (
					"$(inherited)",
					"@executable_path/Frameworks",
				);
				PRODUCT_BUNDLE_IDENTIFIER = "ajkinder.Animals-of-Africa";
				PRODUCT_NAME = "$(TARGET_NAME)";
				SWIFT_VERSION = 5.0;
				TARGETED_DEVICE_FAMILY = "1,2";
			};
			name = Debug;
		};
		9B3EE307260E9BB7000E683B /* Release */ = {
			isa = XCBuildConfiguration;
			buildSettings = {
				ASSETCATALOG_COMPILER_APPICON_NAME = AppIcon;
				ASSETCATALOG_COMPILER_GLOBAL_ACCENT_COLOR_NAME = AccentColor;
				CODE_SIGN_STYLE = Automatic;
				DEVELOPMENT_ASSET_PATHS = "\"Animals_of_Africa/Preview Content\"";
				ENABLE_PREVIEWS = YES;
				INFOPLIST_FILE = Animals_of_Africa/Info.plist;
				IPHONEOS_DEPLOYMENT_TARGET = 14.0;
				LD_RUNPATH_SEARCH_PATHS = (
					"$(inherited)",
					"@executable_path/Frameworks",
				);
				PRODUCT_BUNDLE_IDENTIFIER = "ajkinder.Animals-of-Africa";
				PRODUCT_NAME = "$(TARGET_NAME)";
				SWIFT_VERSION = 5.0;
				TARGETED_DEVICE_FAMILY = "1,2";
			};
			name = Release;
		};
/* End XCBuildConfiguration section */

/* Begin XCConfigurationList section */
		9B3EE2F1260E9BB6000E683B /* Build configuration list for PBXProject "Animals_of_Africa" */ = {
			isa = XCConfigurationList;
			buildConfigurations = (
				9B3EE303260E9BB7000E683B /* Debug */,
				9B3EE304260E9BB7000E683B /* Release */,
			);
			defaultConfigurationIsVisible = 0;
			defaultConfigurationName = Release;
		};
		9B3EE305260E9BB7000E683B /* Build configuration list for PBXNativeTarget "Animals_of_Africa" */ = {
			isa = XCConfigurationList;
			buildConfigurations = (
				9B3EE306260E9BB7000E683B /* Debug */,
				9B3EE307260E9BB7000E683B /* Release */,
			);
			defaultConfigurationIsVisible = 0;
			defaultConfigurationName = Release;
		};
/* End XCConfigurationList section */
	};
	rootObject = 9B3EE2EE260E9BB6000E683B /* Project object */;
}
